
Microsoft Visual Studio Solution File, Format Version 12.00
# Visual Studio 15
VisualStudioVersion = 15.0.27428.2037
MinimumVisualStudioVersion = 10.0.40219.1
Project("{FAE04EC0-301F-11D3-BF4B-00C04F79EFBC}") = "WpfTestMailSender", "WpfTestMailSender\WpfTestMailSender.csproj", "{0CE001F8-A296-48F2-9657-30E405059CF1}"
EndProject
Global
	GlobalSection(SolutionConfigurationPlatforms) = preSolution
		Debug|Any CPU = Debug|Any CPU
		Release|Any CPU = Release|Any CPU
	EndGlobalSection
	GlobalSection(ProjectConfigurationPlatforms) = postSolution
		{0CE001F8-A296-48F2-9657-30E405059CF1}.Debug|Any CPU.ActiveCfg = Debug|Any CPU
		{0CE001F8-A296-48F2-9657-30E405059CF1}.Debug|Any CPU.Build.0 = Debug|Any CPU
		{0CE001F8-A296-48F2-9657-30E405059CF1}.Release|Any CPU.ActiveCfg = Release|Any CPU
		{0CE001F8-A296-48F2-9657-30E405059CF1}.Release|Any CPU.Build.0 = Release|Any CPU
	EndGlobalSection
	GlobalSection(SolutionProperties) = preSolution
		HideSolutionNode = FALSE
	EndGlobalSection
	GlobalSection(ExtensibilityGlobals) = postSolution
		SolutionGuid = {C0CBCC8E-72DB-4CF2-9862-59A422CB29FC}
	EndGlobalSection
EndGlobal
